{
  "name": "recommendations-app",
  "version": "0.1.0",
  "lockfileVersion": 1,
  "requires": true,
  "dependencies": {
    "@aws-cdk/assert": {
      "version": "1.32.2",
      "resolved": "https://registry.npmjs.org/@aws-cdk/assert/-/assert-1.32.2.tgz",
      "integrity": "sha512-1hqO/N/MMIaIjglKahxdup6/DSOM1pJqlz7iDl09z177DbJ6dpz7soKaOYwFkLeIyh07TreRCyyQevChEdunIg==",
      "dev": true,
      "requires": {
        "@aws-cdk/cloudformation-diff": "1.32.2",
        "@aws-cdk/core": "1.32.2",
        "@aws-cdk/cx-api": "1.32.2",
        "constructs": "^2.0.0"
      }
    },
    "@aws-cdk/assets": {
      "version": "1.32.2",
      "resolved": "https://registry.npmjs.org/@aws-cdk/assets/-/assets-1.32.2.tgz",
      "integrity": "sha512-GOAGU2yHpXfBkzDRGZbVKoT717Huvhczmqj0KCkM83Sh4mCf43cdIMennMU1kGsvZAOS7QC1O/Xps+1KHqerkg==",
      "requires": {
        "@aws-cdk/core": "1.32.2",
        "@aws-cdk/cx-api": "1.32.2",
        "constructs": "^2.0.0",
        "minimatch": "^3.0.4"
      },
      "dependencies": {
        "balanced-match": {
          "version": "1.0.0",
          "bundled": true
        },
        "brace-expansion": {
          "version": "1.1.11",
          "bundled": true,
          "requires": {
            "balanced-match": "^1.0.0",
            "concat-map": "0.0.1"
          }
        },
        "concat-map": {
          "version": "0.0.1",
          "bundled": true
        },
        "minimatch": {
          "version": "3.0.4",
          "bundled": true,
          "requires": {
            "brace-expansion": "^1.1.7"
          }
        }
      }
    },
    "@aws-cdk/aws-apigateway": {
      "version": "1.32.2",
      "resolved": "https://registry.npmjs.org/@aws-cdk/aws-apigateway/-/aws-apigateway-1.32.2.tgz",
      "integrity": "sha512-edtDTvdvleMHtN9jpot+rwHDKfmH+tCIGFGLmbECyfcXVxPkvKOzW08V3lwl5PcrxS5BaAqPSNYn7+tONOoYew==",
      "requires": {
        "@aws-cdk/aws-certificatemanager": "1.32.2",
        "@aws-cdk/aws-ec2": "1.32.2",
        "@aws-cdk/aws-elasticloadbalancingv2": "1.32.2",
        "@aws-cdk/aws-iam": "1.32.2",
        "@aws-cdk/aws-lambda": "1.32.2",
        "@aws-cdk/aws-logs": "1.32.2",
        "@aws-cdk/core": "1.32.2",
        "constructs": "^2.0.0"
      }
    },
    "@aws-cdk/aws-applicationautoscaling": {
      "version": "1.32.2",
      "resolved": "https://registry.npmjs.org/@aws-cdk/aws-applicationautoscaling/-/aws-applicationautoscaling-1.32.2.tgz",
      "integrity": "sha512-Ce8cD3UhijMIXjoduQGRODnMtj5BPq6l7h5j9/NDCv8aqy821vndxLA5FVNMgJjw7Lc5igO7kkvQQ0/4EHBqVQ==",
      "requires": {
        "@aws-cdk/aws-autoscaling-common": "1.32.2",
        "@aws-cdk/aws-cloudwatch": "1.32.2",
        "@aws-cdk/aws-iam": "1.32.2",
        "@aws-cdk/core": "1.32.2",
        "constructs": "^2.0.0"
      }
    },
    "@aws-cdk/aws-autoscaling": {
      "version": "1.32.2",
      "resolved": "https://registry.npmjs.org/@aws-cdk/aws-autoscaling/-/aws-autoscaling-1.32.2.tgz",
      "integrity": "sha512-7g1g2yx3//l2tHz45QKLbbPFz3x/in1yVUPihWBXj8OMoy/jwHnagbKJFFcE2mu/gLtJEVRKZ3BskxdeXXSj7A==",
      "requires": {
        "@aws-cdk/aws-autoscaling-common": "1.32.2",
        "@aws-cdk/aws-cloudwatch": "1.32.2",
        "@aws-cdk/aws-ec2": "1.32.2",
        "@aws-cdk/aws-elasticloadbalancing": "1.32.2",
        "@aws-cdk/aws-elasticloadbalancingv2": "1.32.2",
        "@aws-cdk/aws-iam": "1.32.2",
        "@aws-cdk/aws-sns": "1.32.2",
        "@aws-cdk/core": "1.32.2",
        "constructs": "^2.0.0"
      }
    },
    "@aws-cdk/aws-autoscaling-common": {
      "version": "1.32.2",
      "resolved": "https://registry.npmjs.org/@aws-cdk/aws-autoscaling-common/-/aws-autoscaling-common-1.32.2.tgz",
      "integrity": "sha512-ltSc5smF2YO1m6to8IAoTeXHpWw0bLZikuHV5w8PB0La4cCG8MdvgAIm95SJRjZYD7IQPXs6OmzOuWHIeEaJiQ==",
      "requires": {
        "@aws-cdk/aws-iam": "1.32.2",
        "@aws-cdk/core": "1.32.2",
        "constructs": "^2.0.0"
      }
    },
    "@aws-cdk/aws-autoscaling-hooktargets": {
      "version": "1.32.2",
      "resolved": "https://registry.npmjs.org/@aws-cdk/aws-autoscaling-hooktargets/-/aws-autoscaling-hooktargets-1.32.2.tgz",
      "integrity": "sha512-+SLlebaYpm1Gi++AGRiUlLqHnBi7jPYc4qava+UzjSINlz8LZKq6O4G8SVmNxvcJWGOUhS1jRYSVqV/y4XJSHg==",
      "requires": {
        "@aws-cdk/aws-autoscaling": "1.32.2",
        "@aws-cdk/aws-iam": "1.32.2",
        "@aws-cdk/aws-lambda": "1.32.2",
        "@aws-cdk/aws-sns": "1.32.2",
        "@aws-cdk/aws-sns-subscriptions": "1.32.2",
        "@aws-cdk/aws-sqs": "1.32.2",
        "@aws-cdk/core": "1.32.2",
        "constructs": "^2.0.0"
      }
    },
    "@aws-cdk/aws-batch": {
      "version": "1.32.2",
      "resolved": "https://registry.npmjs.org/@aws-cdk/aws-batch/-/aws-batch-1.32.2.tgz",
      "integrity": "sha512-tfliM4EWlXRds0AnyC45+77jpyBCiW8SASTcYmaQvEixCmiCiaadPfk7XnyF6yqs4Nv2Lyq5g3d23BSNUh9fvA==",
      "requires": {
        "@aws-cdk/aws-ec2": "1.32.2",
        "@aws-cdk/aws-ecr": "1.32.2",
        "@aws-cdk/aws-ecs": "1.32.2",
        "@aws-cdk/aws-iam": "1.32.2",
        "@aws-cdk/core": "1.32.2",
        "constructs": "^2.0.0"
      }
    },
    "@aws-cdk/aws-certificatemanager": {
      "version": "1.32.2",
      "resolved": "https://registry.npmjs.org/@aws-cdk/aws-certificatemanager/-/aws-certificatemanager-1.32.2.tgz",
      "integrity": "sha512-vGa6zqr6+8/zzlVAsz5biY1NxLznCivYZnVj09BCtaqmXPgWkNcIGxnyEZnNLoLPSdDD6JwdQZU6tHARg+Wo1w==",
      "requires": {
        "@aws-cdk/aws-cloudformation": "1.32.2",
        "@aws-cdk/aws-iam": "1.32.2",
        "@aws-cdk/aws-lambda": "1.32.2",
        "@aws-cdk/aws-route53": "1.32.2",
        "@aws-cdk/core": "1.32.2",
        "constructs": "^2.0.0"
      }
    },
    "@aws-cdk/aws-cloudformation": {
      "version": "1.32.2",
      "resolved": "https://registry.npmjs.org/@aws-cdk/aws-cloudformation/-/aws-cloudformation-1.32.2.tgz",
      "integrity": "sha512-3f6c16/0meFdD1LNIvLcQd/I1qnzogVSRa+aqAHDG8gi9pwVS/Y/IDquifa4ox+3wMjKRIDBd6C9+xUhvaUAgw==",
      "requires": {
        "@aws-cdk/aws-iam": "1.32.2",
        "@aws-cdk/aws-lambda": "1.32.2",
        "@aws-cdk/aws-s3": "1.32.2",
        "@aws-cdk/aws-sns": "1.32.2",
        "@aws-cdk/core": "1.32.2",
        "@aws-cdk/cx-api": "1.32.2",
        "constructs": "^2.0.0"
      }
    },
    "@aws-cdk/aws-cloudfront": {
      "version": "1.32.2",
      "resolved": "https://registry.npmjs.org/@aws-cdk/aws-cloudfront/-/aws-cloudfront-1.32.2.tgz",
      "integrity": "sha512-zebzZMW6KmASUPDtluNGHKlnCLw+zxD1AKlQUrYUnCyGOqEv9RfgEnBWadpqO3nYj0wxZQtglRvbYLlZEYXafg==",
      "requires": {
        "@aws-cdk/aws-certificatemanager": "1.32.2",
        "@aws-cdk/aws-iam": "1.32.2",
        "@aws-cdk/aws-kms": "1.32.2",
        "@aws-cdk/aws-lambda": "1.32.2",
        "@aws-cdk/aws-s3": "1.32.2",
        "@aws-cdk/core": "1.32.2",
        "constructs": "^2.0.0"
      }
    },
    "@aws-cdk/aws-cloudwatch": {
      "version": "1.32.2",
      "resolved": "https://registry.npmjs.org/@aws-cdk/aws-cloudwatch/-/aws-cloudwatch-1.32.2.tgz",
      "integrity": "sha512-QbrkIKqs6hn5SnFFdVzZTx09Esr3Kd7md/Nrkq96vfp8UVW0d+6sTUZdeXppF+qvu8WOGradZWOKUd6RwPfyyg==",
      "requires": {
        "@aws-cdk/aws-iam": "1.32.2",
        "@aws-cdk/core": "1.32.2",
        "constructs": "^2.0.0"
      }
    },
    "@aws-cdk/aws-cognito": {
      "version": "1.32.2",
      "resolved": "https://registry.npmjs.org/@aws-cdk/aws-cognito/-/aws-cognito-1.32.2.tgz",
      "integrity": "sha512-sloSa3ABLG1ZNh0NcOY8fSML2Ej/PlKi64eNGtB5gctNV1YJ29kK4mkpoLBjenmpHKDxCo92G3w7j3COymL32g==",
      "requires": {
        "@aws-cdk/aws-iam": "1.32.2",
        "@aws-cdk/aws-lambda": "1.32.2",
        "@aws-cdk/core": "1.32.2",
        "constructs": "^2.0.0"
      }
    },
    "@aws-cdk/aws-dynamodb": {
      "version": "1.32.2",
      "resolved": "https://registry.npmjs.org/@aws-cdk/aws-dynamodb/-/aws-dynamodb-1.32.2.tgz",
      "integrity": "sha512-xDCKHTf5lCp9YTjnez3YhaAtTliEeFzWXVMNHIa6JtptCBn016IAtu1ruSTSiei8x1r58DYTNS/EAujxwYHuVQ==",
      "requires": {
        "@aws-cdk/aws-applicationautoscaling": "1.32.2",
        "@aws-cdk/aws-cloudformation": "1.32.2",
        "@aws-cdk/aws-cloudwatch": "1.32.2",
        "@aws-cdk/aws-iam": "1.32.2",
        "@aws-cdk/aws-lambda": "1.32.2",
        "@aws-cdk/core": "1.32.2",
        "@aws-cdk/custom-resources": "1.32.2",
        "constructs": "^2.0.0"
      }
    },
    "@aws-cdk/aws-ec2": {
      "version": "1.32.2",
      "resolved": "https://registry.npmjs.org/@aws-cdk/aws-ec2/-/aws-ec2-1.32.2.tgz",
      "integrity": "sha512-hYEWRYsXH+6QBx6OZH3wvUTKYeu9qnVdOsi1v4JHyfhGLeAvQIhSGTq9G2HtEyRs68svlJivAbDoYexaI3mFHg==",
      "requires": {
        "@aws-cdk/aws-cloudwatch": "1.32.2",
        "@aws-cdk/aws-iam": "1.32.2",
        "@aws-cdk/aws-logs": "1.32.2",
        "@aws-cdk/aws-s3": "1.32.2",
        "@aws-cdk/aws-ssm": "1.32.2",
        "@aws-cdk/core": "1.32.2",
        "@aws-cdk/cx-api": "1.32.2",
        "constructs": "^2.0.0"
      }
    },
    "@aws-cdk/aws-ecr": {
      "version": "1.32.2",
      "resolved": "https://registry.npmjs.org/@aws-cdk/aws-ecr/-/aws-ecr-1.32.2.tgz",
      "integrity": "sha512-RVuhl4Jq/1sIAW3P5catwCCMlESU6UfH6BsTz2gNbtYm5yjn5qGtr8sxortca2OToMBO8iYtkk/Dev4/w3nOiA==",
      "requires": {
        "@aws-cdk/aws-events": "1.32.2",
        "@aws-cdk/aws-iam": "1.32.2",
        "@aws-cdk/core": "1.32.2",
        "constructs": "^2.0.0"
      }
    },
    "@aws-cdk/aws-ecr-assets": {
      "version": "1.32.2",
      "resolved": "https://registry.npmjs.org/@aws-cdk/aws-ecr-assets/-/aws-ecr-assets-1.32.2.tgz",
      "integrity": "sha512-j8pjvY4WC70RmKHlIa8gBgJ2TSTDmpUmxloypC5QGHGkz3SSJRJrwhE7UMZ10zK2FgTErjgfHuXgW1FW97C8Yw==",
      "requires": {
        "@aws-cdk/assets": "1.32.2",
        "@aws-cdk/aws-cloudformation": "1.32.2",
        "@aws-cdk/aws-ecr": "1.32.2",
        "@aws-cdk/aws-iam": "1.32.2",
        "@aws-cdk/aws-lambda": "1.32.2",
        "@aws-cdk/aws-s3": "1.32.2",
        "@aws-cdk/core": "1.32.2",
        "@aws-cdk/cx-api": "1.32.2",
        "constructs": "^2.0.0",
        "minimatch": "^3.0.4"
      },
      "dependencies": {
        "balanced-match": {
          "version": "1.0.0",
          "bundled": true
        },
        "brace-expansion": {
          "version": "1.1.11",
          "bundled": true,
          "requires": {
            "balanced-match": "^1.0.0",
            "concat-map": "0.0.1"
          }
        },
        "concat-map": {
          "version": "0.0.1",
          "bundled": true
        },
        "minimatch": {
          "version": "3.0.4",
          "bundled": true,
          "requires": {
            "brace-expansion": "^1.1.7"
          }
        }
      }
    },
    "@aws-cdk/aws-ecs": {
      "version": "1.32.2",
      "resolved": "https://registry.npmjs.org/@aws-cdk/aws-ecs/-/aws-ecs-1.32.2.tgz",
      "integrity": "sha512-pSCvWzztvLKvnl3UeRA+HK3ZIJu32LmxrbuIW9kNey05Ms75ZUxGgJVqiO76kjbbIP2MZPRmDw9v5WU2fJinZQ==",
      "requires": {
        "@aws-cdk/aws-applicationautoscaling": "1.32.2",
        "@aws-cdk/aws-autoscaling": "1.32.2",
        "@aws-cdk/aws-autoscaling-hooktargets": "1.32.2",
        "@aws-cdk/aws-certificatemanager": "1.32.2",
        "@aws-cdk/aws-cloudformation": "1.32.2",
        "@aws-cdk/aws-cloudwatch": "1.32.2",
        "@aws-cdk/aws-ec2": "1.32.2",
        "@aws-cdk/aws-ecr": "1.32.2",
        "@aws-cdk/aws-ecr-assets": "1.32.2",
        "@aws-cdk/aws-elasticloadbalancing": "1.32.2",
        "@aws-cdk/aws-elasticloadbalancingv2": "1.32.2",
        "@aws-cdk/aws-iam": "1.32.2",
        "@aws-cdk/aws-lambda": "1.32.2",
        "@aws-cdk/aws-logs": "1.32.2",
        "@aws-cdk/aws-route53": "1.32.2",
        "@aws-cdk/aws-route53-targets": "1.32.2",
        "@aws-cdk/aws-secretsmanager": "1.32.2",
        "@aws-cdk/aws-servicediscovery": "1.32.2",
        "@aws-cdk/aws-sns": "1.32.2",
        "@aws-cdk/aws-sqs": "1.32.2",
        "@aws-cdk/aws-ssm": "1.32.2",
        "@aws-cdk/core": "1.32.2",
        "@aws-cdk/cx-api": "1.32.2",
        "constructs": "^2.0.0"
      }
    },
    "@aws-cdk/aws-elasticloadbalancing": {
      "version": "1.32.2",
      "resolved": "https://registry.npmjs.org/@aws-cdk/aws-elasticloadbalancing/-/aws-elasticloadbalancing-1.32.2.tgz",
      "integrity": "sha512-3SCj5r0OKJ1EuxhBpI0ZiS/LlV0ZJgN9pXUzZIg5UoQwTJTS4m/aprqnjTdU8RO2H7xqmvKvVvd9hTBICNsC2g==",
      "requires": {
        "@aws-cdk/aws-ec2": "1.32.2",
        "@aws-cdk/core": "1.32.2",
        "constructs": "^2.0.0"
      }
    },
    "@aws-cdk/aws-elasticloadbalancingv2": {
      "version": "1.32.2",
      "resolved": "https://registry.npmjs.org/@aws-cdk/aws-elasticloadbalancingv2/-/aws-elasticloadbalancingv2-1.32.2.tgz",
      "integrity": "sha512-hyntuMSOETzLS/FU3TcLu5X3HQzlFJuzD22BBa3wo6I7BHysyzgUCiVIGZI8ylOtJnW1sJUXMPo1fHCW3fVrWA==",
      "requires": {
        "@aws-cdk/aws-certificatemanager": "1.32.2",
        "@aws-cdk/aws-cloudwatch": "1.32.2",
        "@aws-cdk/aws-ec2": "1.32.2",
        "@aws-cdk/aws-iam": "1.32.2",
        "@aws-cdk/aws-lambda": "1.32.2",
        "@aws-cdk/aws-s3": "1.32.2",
        "@aws-cdk/core": "1.32.2",
        "constructs": "^2.0.0"
      }
    },
    "@aws-cdk/aws-events": {
      "version": "1.32.2",
      "resolved": "https://registry.npmjs.org/@aws-cdk/aws-events/-/aws-events-1.32.2.tgz",
      "integrity": "sha512-HmgngkQVE8ePAfy62dMb6bFzLT2XywrNb7JkcOk/u8VOCdWxMX10fk3YjMoNBknYdMaPolvDFPFURkWCsoMOSw==",
      "requires": {
        "@aws-cdk/aws-iam": "1.32.2",
        "@aws-cdk/core": "1.32.2",
        "constructs": "^2.0.0"
      }
    },
    "@aws-cdk/aws-glue": {
      "version": "1.32.2",
      "resolved": "https://registry.npmjs.org/@aws-cdk/aws-glue/-/aws-glue-1.32.2.tgz",
      "integrity": "sha512-TSqJjbKLv9Px1qsGk+lqBsecpM28a9pxT+pnbMmCA3VUC3RvxtL6Sex0O27f6pMhbeYoWwXnYfe+GCr7Z8lbjw==",
      "requires": {
        "@aws-cdk/aws-iam": "1.32.2",
        "@aws-cdk/aws-kms": "1.32.2",
        "@aws-cdk/aws-s3": "1.32.2",
        "@aws-cdk/core": "1.32.2",
        "constructs": "^2.0.0"
      }
    },
    "@aws-cdk/aws-iam": {
      "version": "1.32.2",
      "resolved": "https://registry.npmjs.org/@aws-cdk/aws-iam/-/aws-iam-1.32.2.tgz",
      "integrity": "sha512-fRFQCUBH7L3xUfzFExB2UCfv8bc5yxUbWh9oOqy3uawSP9g6eqgZZutCUp2qkCFfuJFe/gbFIWacpqvM9rQ7Sg==",
      "requires": {
        "@aws-cdk/core": "1.32.2",
        "@aws-cdk/region-info": "1.32.2",
        "constructs": "^2.0.0"
      }
    },
    "@aws-cdk/aws-kms": {
      "version": "1.32.2",
      "resolved": "https://registry.npmjs.org/@aws-cdk/aws-kms/-/aws-kms-1.32.2.tgz",
      "integrity": "sha512-yjINmHXSd5r/XpqGuW0W5memx/LFMb4gKASDSbQPP4KZsP3xlJBQ1+t+ONeVe5iCJpAnh8uTCRNxgZ6CpopOrQ==",
      "requires": {
        "@aws-cdk/aws-iam": "1.32.2",
        "@aws-cdk/core": "1.32.2",
        "constructs": "^2.0.0"
      }
    },
    "@aws-cdk/aws-lambda": {
      "version": "1.32.2",
      "resolved": "https://registry.npmjs.org/@aws-cdk/aws-lambda/-/aws-lambda-1.32.2.tgz",
      "integrity": "sha512-CXHhpYySI6osPQH05Pr4NbkI9zYjtBQSOC+P9jCbp29mRDw2H7hyMgAjKpfrdnjXfUB5uR9dObrxxTIHG3Nwkw==",
      "requires": {
        "@aws-cdk/aws-cloudwatch": "1.32.2",
        "@aws-cdk/aws-ec2": "1.32.2",
        "@aws-cdk/aws-events": "1.32.2",
        "@aws-cdk/aws-iam": "1.32.2",
        "@aws-cdk/aws-logs": "1.32.2",
        "@aws-cdk/aws-s3": "1.32.2",
        "@aws-cdk/aws-s3-assets": "1.32.2",
        "@aws-cdk/aws-sqs": "1.32.2",
        "@aws-cdk/core": "1.32.2",
        "@aws-cdk/cx-api": "1.32.2",
        "constructs": "^2.0.0"
      }
    },
    "@aws-cdk/aws-lambda-nodejs": {
      "version": "1.32.2",
      "resolved": "https://registry.npmjs.org/@aws-cdk/aws-lambda-nodejs/-/aws-lambda-nodejs-1.32.2.tgz",
      "integrity": "sha512-bjwUj8gqBiuuf39/V0dmrjhk4VvxegeNeRwmlFBPJAmV3E2qL6zPR9ogQWzWkssM2FcMwbhCwk6Wj167Vzoq7w==",
      "requires": {
        "@aws-cdk/aws-lambda": "1.32.2",
        "@aws-cdk/core": "1.32.2",
        "constructs": "^2.0.0"
      }
    },
    "@aws-cdk/aws-logs": {
      "version": "1.32.2",
      "resolved": "https://registry.npmjs.org/@aws-cdk/aws-logs/-/aws-logs-1.32.2.tgz",
      "integrity": "sha512-wgR/OUraOumK9DCktO0w3+8W1pLm/9nwuYurigzahQTBZ35ueJfy7xUJ1yybjE5pGEV60IC+ps82hKCRK67obw==",
      "requires": {
        "@aws-cdk/aws-cloudwatch": "1.32.2",
        "@aws-cdk/aws-iam": "1.32.2",
        "@aws-cdk/core": "1.32.2",
        "constructs": "^2.0.0"
      }
    },
    "@aws-cdk/aws-route53": {
      "version": "1.32.2",
      "resolved": "https://registry.npmjs.org/@aws-cdk/aws-route53/-/aws-route53-1.32.2.tgz",
      "integrity": "sha512-veMCXXm/aFtntxe65WZB7LZpGWY/CBy64k9Ml+4MysSKqp9znO8vBiYQgjOc6sfsb1KC+5VJJs49EZXetoOsaQ==",
      "requires": {
        "@aws-cdk/aws-ec2": "1.32.2",
        "@aws-cdk/aws-logs": "1.32.2",
        "@aws-cdk/core": "1.32.2",
        "@aws-cdk/cx-api": "1.32.2",
        "constructs": "^2.0.0"
      }
    },
    "@aws-cdk/aws-route53-targets": {
      "version": "1.32.2",
      "resolved": "https://registry.npmjs.org/@aws-cdk/aws-route53-targets/-/aws-route53-targets-1.32.2.tgz",
      "integrity": "sha512-doJVhFPimDz/eUIp6IliD+XXs3WjyT+KE0mfR57p2I4a9FRvcu2qv+HNTXAdkQfzL05w4xYvxqeDYnwNe9Faaw==",
      "requires": {
        "@aws-cdk/aws-apigateway": "1.32.2",
        "@aws-cdk/aws-cloudfront": "1.32.2",
        "@aws-cdk/aws-ec2": "1.32.2",
        "@aws-cdk/aws-elasticloadbalancing": "1.32.2",
        "@aws-cdk/aws-elasticloadbalancingv2": "1.32.2",
        "@aws-cdk/aws-iam": "1.32.2",
        "@aws-cdk/aws-route53": "1.32.2",
        "@aws-cdk/aws-s3": "1.32.2",
        "@aws-cdk/core": "1.32.2",
        "@aws-cdk/region-info": "1.32.2",
        "constructs": "^2.0.0"
      }
    },
    "@aws-cdk/aws-s3": {
      "version": "1.32.2",
      "resolved": "https://registry.npmjs.org/@aws-cdk/aws-s3/-/aws-s3-1.32.2.tgz",
      "integrity": "sha512-11Jxbo7e1V9HkGzJB2mr+VPUyf98D7rFKK4hGaXMicXQE4o1OLuTvGdU4Zw/EmlmGQf5PtCLHBhzy9au+Bnekw==",
      "requires": {
        "@aws-cdk/aws-events": "1.32.2",
        "@aws-cdk/aws-iam": "1.32.2",
        "@aws-cdk/aws-kms": "1.32.2",
        "@aws-cdk/core": "1.32.2",
        "constructs": "^2.0.0"
      }
    },
    "@aws-cdk/aws-s3-assets": {
      "version": "1.32.2",
      "resolved": "https://registry.npmjs.org/@aws-cdk/aws-s3-assets/-/aws-s3-assets-1.32.2.tgz",
      "integrity": "sha512-Tm+957UkyxJAznvSTbOR7aZ1kcukXLm8Ya/jvaz/rX39j4B57sPA+OwGyiSRSVJ9E7JvfGRyht9nVf2JW9o8Ng==",
      "requires": {
        "@aws-cdk/assets": "1.32.2",
        "@aws-cdk/aws-iam": "1.32.2",
        "@aws-cdk/aws-s3": "1.32.2",
        "@aws-cdk/core": "1.32.2",
        "@aws-cdk/cx-api": "1.32.2",
        "constructs": "^2.0.0"
      }
    },
    "@aws-cdk/aws-s3-deployment": {
      "version": "1.32.2",
      "resolved": "https://registry.npmjs.org/@aws-cdk/aws-s3-deployment/-/aws-s3-deployment-1.32.2.tgz",
      "integrity": "sha512-hg+G9WzS/OnBC3SfrtgsfzE9yOSUTQWaljemNXcwZLlTgNgQcz80lcVNJR2bWzova1mzZBLuW6BeXWjeCW5u6w==",
      "requires": {
        "@aws-cdk/aws-cloudformation": "1.32.2",
        "@aws-cdk/aws-cloudfront": "1.32.2",
        "@aws-cdk/aws-iam": "1.32.2",
        "@aws-cdk/aws-lambda": "1.32.2",
        "@aws-cdk/aws-s3": "1.32.2",
        "@aws-cdk/aws-s3-assets": "1.32.2",
        "@aws-cdk/core": "1.32.2",
        "constructs": "^2.0.0"
      }
    },
    "@aws-cdk/aws-sam": {
      "version": "1.32.2",
      "resolved": "https://registry.npmjs.org/@aws-cdk/aws-sam/-/aws-sam-1.32.2.tgz",
      "integrity": "sha512-8jaYRtvDpqEoCtPcYqpHbeJ2yx7prDAkrNMppq7Vm5t4i4rWcPzN8mA4lKIYJ0bhMz2y3PxcOx0bPWsWDJ0i3Q==",
      "requires": {
        "@aws-cdk/core": "1.32.2",
        "constructs": "^2.0.0"
      }
    },
    "@aws-cdk/aws-secretsmanager": {
      "version": "1.32.2",
      "resolved": "https://registry.npmjs.org/@aws-cdk/aws-secretsmanager/-/aws-secretsmanager-1.32.2.tgz",
      "integrity": "sha512-oGEQJTZnvBptV2EckWayzmK1RsedhsOSfQOKw7p+7H/Ox5qgfMozGPq4VwpXE/xfuxxFhHP42qm0dT6XdPGtDw==",
      "requires": {
        "@aws-cdk/aws-ec2": "1.32.2",
        "@aws-cdk/aws-iam": "1.32.2",
        "@aws-cdk/aws-kms": "1.32.2",
        "@aws-cdk/aws-lambda": "1.32.2",
        "@aws-cdk/aws-sam": "1.32.2",
        "@aws-cdk/core": "1.32.2",
        "constructs": "^2.0.0"
      }
    },
    "@aws-cdk/aws-servicediscovery": {
      "version": "1.32.2",
      "resolved": "https://registry.npmjs.org/@aws-cdk/aws-servicediscovery/-/aws-servicediscovery-1.32.2.tgz",
      "integrity": "sha512-PEZG2U7illtKCIJCtKv0pZ8N4rqZIxzxT3kOgATWk4rmlaY3BEGfxpKRzzDre93YyrDcEn1rsSfSh9PiU9m6qw==",
      "requires": {
        "@aws-cdk/aws-ec2": "1.32.2",
        "@aws-cdk/aws-elasticloadbalancingv2": "1.32.2",
        "@aws-cdk/aws-route53": "1.32.2",
        "@aws-cdk/core": "1.32.2",
        "constructs": "^2.0.0"
      }
    },
    "@aws-cdk/aws-sns": {
      "version": "1.32.2",
      "resolved": "https://registry.npmjs.org/@aws-cdk/aws-sns/-/aws-sns-1.32.2.tgz",
      "integrity": "sha512-gGDIMwxjjf/2HltOJa8j2nGm/9Ck6bVddsm/a212abkxqXtPccNoZFyINFsONn+XA4jf+ikIfiT5SEgV4myGPA==",
      "requires": {
        "@aws-cdk/aws-cloudwatch": "1.32.2",
        "@aws-cdk/aws-events": "1.32.2",
        "@aws-cdk/aws-iam": "1.32.2",
        "@aws-cdk/aws-kms": "1.32.2",
        "@aws-cdk/core": "1.32.2",
        "constructs": "^2.0.0"
      }
    },
    "@aws-cdk/aws-sns-subscriptions": {
      "version": "1.32.2",
      "resolved": "https://registry.npmjs.org/@aws-cdk/aws-sns-subscriptions/-/aws-sns-subscriptions-1.32.2.tgz",
      "integrity": "sha512-Y9NgIREAU5mtCoOGPqHzR9jNEvp69mBYm3k6kyMLSpNxOAakW27uHxXD/ZnYrJWGffTLUJyfdSNuPxkOFTYrQw==",
      "requires": {
        "@aws-cdk/aws-iam": "1.32.2",
        "@aws-cdk/aws-lambda": "1.32.2",
        "@aws-cdk/aws-sns": "1.32.2",
        "@aws-cdk/aws-sqs": "1.32.2",
        "@aws-cdk/core": "1.32.2",
        "constructs": "^2.0.0"
      }
    },
    "@aws-cdk/aws-sqs": {
      "version": "1.32.2",
      "resolved": "https://registry.npmjs.org/@aws-cdk/aws-sqs/-/aws-sqs-1.32.2.tgz",
      "integrity": "sha512-W82cMHO5OsNrapB5gjF+Gw/mOQahug5BZWAJ0AZ0BFyPJr/p30zCjIkJpmC1Ep9WtZCkichC+TJxvt3YJSLRPQ==",
      "requires": {
        "@aws-cdk/aws-cloudwatch": "1.32.2",
        "@aws-cdk/aws-iam": "1.32.2",
        "@aws-cdk/aws-kms": "1.32.2",
        "@aws-cdk/core": "1.32.2",
        "constructs": "^2.0.0"
      }
    },
    "@aws-cdk/aws-ssm": {
      "version": "1.32.2",
      "resolved": "https://registry.npmjs.org/@aws-cdk/aws-ssm/-/aws-ssm-1.32.2.tgz",
      "integrity": "sha512-sW68/G9NYf3+DsTDDGdT6pKMsujeH0Th8DFMFPl1BCD9wB5EVoS9dNUzKRzuNVHlwgtuSObI3XeWDza6UMy1wQ==",
      "requires": {
        "@aws-cdk/aws-iam": "1.32.2",
        "@aws-cdk/aws-kms": "1.32.2",
        "@aws-cdk/core": "1.32.2",
        "@aws-cdk/cx-api": "1.32.2",
        "constructs": "^2.0.0"
      }
    },
    "@aws-cdk/aws-stepfunctions": {
      "version": "1.32.2",
      "resolved": "https://registry.npmjs.org/@aws-cdk/aws-stepfunctions/-/aws-stepfunctions-1.32.2.tgz",
      "integrity": "sha512-7FUBAvpc4JtHAZHFWZ35+FcCycuZKlVwiqPUbARB/a7j8r3F5A0JQCqzrYcXtgFQLZWX0DgEv0Tfi8ZCCV31qw==",
      "requires": {
        "@aws-cdk/aws-cloudwatch": "1.32.2",
        "@aws-cdk/aws-events": "1.32.2",
        "@aws-cdk/aws-iam": "1.32.2",
        "@aws-cdk/aws-logs": "1.32.2",
        "@aws-cdk/core": "1.32.2",
        "constructs": "^2.0.0"
      }
    },
    "@aws-cdk/aws-stepfunctions-tasks": {
      "version": "1.32.2",
      "resolved": "https://registry.npmjs.org/@aws-cdk/aws-stepfunctions-tasks/-/aws-stepfunctions-tasks-1.32.2.tgz",
      "integrity": "sha512-t+i+W1ti8ohLq/q2ABFE2lY8GTBv8lloM0JJWq93d3EGuVSCtclsNpAMTkPD7GA3M5/NdoicdYCHxOQNwXZ1tg==",
      "requires": {
        "@aws-cdk/assets": "1.32.2",
        "@aws-cdk/aws-batch": "1.32.2",
        "@aws-cdk/aws-cloudwatch": "1.32.2",
        "@aws-cdk/aws-ec2": "1.32.2",
        "@aws-cdk/aws-ecr": "1.32.2",
        "@aws-cdk/aws-ecr-assets": "1.32.2",
        "@aws-cdk/aws-ecs": "1.32.2",
        "@aws-cdk/aws-glue": "1.32.2",
        "@aws-cdk/aws-iam": "1.32.2",
        "@aws-cdk/aws-kms": "1.32.2",
        "@aws-cdk/aws-lambda": "1.32.2",
        "@aws-cdk/aws-s3": "1.32.2",
        "@aws-cdk/aws-sns": "1.32.2",
        "@aws-cdk/aws-sqs": "1.32.2",
        "@aws-cdk/aws-stepfunctions": "1.32.2",
        "@aws-cdk/core": "1.32.2",
        "constructs": "^2.0.0"
      }
    },
    "@aws-cdk/cfnspec": {
      "version": "1.32.2",
      "resolved": "https://registry.npmjs.org/@aws-cdk/cfnspec/-/cfnspec-1.32.2.tgz",
      "integrity": "sha512-eg6NBCEz5en5p/4qx2xL13zScAdurs3YY4yyD8WaZF+8r4cPuJFxL2khwgAYEXf6USkTK+c8DmuDnePUMHoNdQ==",
      "dev": true,
      "requires": {
        "md5": "^2.2.1"
      }
    },
    "@aws-cdk/cloudformation-diff": {
      "version": "1.32.2",
      "resolved": "https://registry.npmjs.org/@aws-cdk/cloudformation-diff/-/cloudformation-diff-1.32.2.tgz",
      "integrity": "sha512-wcW46kR8HRmOFyPaTWfjmGaQO73KCkJbEhsNxxJjFK6w0j3tlci+ZHPRiq9SBwmYax9M4muqTg6uo3y0oi9etA==",
      "dev": true,
      "requires": {
        "@aws-cdk/cfnspec": "1.32.2",
        "colors": "^1.4.0",
        "diff": "^4.0.2",
        "fast-deep-equal": "^3.1.1",
        "string-width": "^4.2.0",
        "table": "^5.4.6"
      }
    },
    "@aws-cdk/core": {
      "version": "1.32.2",
      "resolved": "https://registry.npmjs.org/@aws-cdk/core/-/core-1.32.2.tgz",
      "integrity": "sha512-gO+LpoGvToUwOGUhEsUAFAuRMjFhQvpbsurzJCEYFs/Je0vHX+b63iC4fkf74aZVHemKkDKY+xdzEAwIvIJB6Q==",
      "requires": {
        "@aws-cdk/cx-api": "1.32.2",
        "constructs": "^2.0.0"
      }
    },
    "@aws-cdk/custom-resources": {
      "version": "1.32.2",
      "resolved": "https://registry.npmjs.org/@aws-cdk/custom-resources/-/custom-resources-1.32.2.tgz",
      "integrity": "sha512-YMrzyo3Ip9iSM2tuCAk27pQpuB2xBhnIPdSUJEjmF4gw+siHv+G8x2+fL1aWOdvN5QCodtSYulJFK9ZQ1fUsuw==",
      "requires": {
        "@aws-cdk/aws-cloudformation": "1.32.2",
        "@aws-cdk/aws-iam": "1.32.2",
        "@aws-cdk/aws-lambda": "1.32.2",
        "@aws-cdk/aws-logs": "1.32.2",
        "@aws-cdk/aws-sns": "1.32.2",
        "@aws-cdk/aws-stepfunctions": "1.32.2",
        "@aws-cdk/aws-stepfunctions-tasks": "1.32.2",
        "@aws-cdk/core": "1.32.2",
        "constructs": "^2.0.0"
      }
    },
    "@aws-cdk/cx-api": {
      "version": "1.32.2",
      "resolved": "https://registry.npmjs.org/@aws-cdk/cx-api/-/cx-api-1.32.2.tgz",
      "integrity": "sha512-+QRa35r/54TTwegy8sLZLIwo1kAlQfYQtJ8KvlpapK7jvwJpbdQYjbPR/n0dYVmlTNb/R5Wb9+ulr5EYfJlXUw==",
      "requires": {
        "semver": "^7.2.1"
      },
      "dependencies": {
        "semver": {
          "version": "7.2.1",
          "bundled": true
        }
      }
    },
    "@aws-cdk/region-info": {
      "version": "1.32.2",
      "resolved": "https://registry.npmjs.org/@aws-cdk/region-info/-/region-info-1.32.2.tgz",
      "integrity": "sha512-ssXm6oWpghBWQPOVHf7TZqjcYiLMqc6K7pNGbZYn/Lm7d1HMtAFoOZAsREoVluACWYRPrG/lT17zZzb5ArKObg=="
    },
    "@types/node": {
      "version": "13.11.1",
      "resolved": "https://registry.npmjs.org/@types/node/-/node-13.11.1.tgz",
      "integrity": "sha512-eWQGP3qtxwL8FGneRrC5DwrJLGN4/dH1clNTuLfN81HCrxVtxRjygDTUoZJ5ASlDEeo0ppYFQjQIlXhtXpOn6g==",
      "dev": true
    },
    "ajv": {
      "version": "6.12.0",
      "resolved": "https://registry.npmjs.org/ajv/-/ajv-6.12.0.tgz",
      "integrity": "sha512-D6gFiFA0RRLyUbvijN74DWAjXSFxWKaWP7mldxkVhyhAV3+SWA9HEJPHQ2c9soIeTFJqcSdFDGFgdqs1iUU2Hw==",
      "dev": true,
      "requires": {
        "fast-deep-equal": "^3.1.1",
        "fast-json-stable-stringify": "^2.0.0",
        "json-schema-traverse": "^0.4.1",
        "uri-js": "^4.2.2"
      }
    },
    "ansi-regex": {
      "version": "5.0.0",
      "resolved": "https://registry.npmjs.org/ansi-regex/-/ansi-regex-5.0.0.tgz",
      "integrity": "sha512-bY6fj56OUQ0hU1KjFNDQuJFezqKdrAyFdIevADiqrWHwSlbmBNMHp5ak2f40Pm8JTFyM2mqxkG6ngkHO11f/lg==",
      "dev": true
    },
    "ansi-styles": {
      "version": "3.2.1",
      "resolved": "https://registry.npmjs.org/ansi-styles/-/ansi-styles-3.2.1.tgz",
      "integrity": "sha512-VT0ZI6kZRdTh8YyJw3SMbYm/u+NqfsAxEpWO0Pf9sq8/e94WxxOpPKx9FR1FlyCtOVDNOQ+8ntlqFxiRc+r5qA==",
      "dev": true,
      "requires": {
        "color-convert": "^1.9.0"
      }
    },
    "arg": {
      "version": "4.1.3",
      "resolved": "https://registry.npmjs.org/arg/-/arg-4.1.3.tgz",
      "integrity": "sha512-58S9QDqG0Xx27YwPSt9fJxivjYl432YCwfDMfZ+71RAqUrZef7LrKQZ3LHLOwCS4FLNBplP533Zx895SeOCHvA==",
      "dev": true
    },
    "astral-regex": {
      "version": "1.0.0",
      "resolved": "https://registry.npmjs.org/astral-regex/-/astral-regex-1.0.0.tgz",
      "integrity": "sha512-+Ryf6g3BKoRc7jfp7ad8tM4TtMiaWvbF/1/sQcZPkkS7ag3D5nMBCe2UfOTONtAkaG0tO0ij3C5Lwmf1EiyjHg==",
      "dev": true
    },
    "aws-cdk": {
      "version": "1.174.0",
      "resolved": "https://registry.npmjs.org/aws-cdk/-/aws-cdk-1.174.0.tgz",
      "integrity": "sha512-cAnJ1vx8p0sFoHR5IP4YKd4l3lN7s9Y7+umwb4eNgWr+XSgUbuYiJgS/FD57hIbHN1uoBih3QAE0RA62LVJSFw==",
      "dev": true,
      "requires": {
        "fsevents": "2.3.2"
      }
    },
    "buffer-from": {
      "version": "1.1.1",
      "resolved": "https://registry.npmjs.org/buffer-from/-/buffer-from-1.1.1.tgz",
      "integrity": "sha512-MQcXEUbCKtEo7bhqEs6560Hyd4XaovZlO/k9V3hjVUF/zwW7KBVdSK4gIt/bzwS9MbR5qob+F5jusZsb0YQK2A=="
    },
    "charenc": {
      "version": "0.0.2",
      "resolved": "https://registry.npmjs.org/charenc/-/charenc-0.0.2.tgz",
      "integrity": "sha1-wKHS86cJLgN3S/qD8UwPxXkKhmc=",
      "dev": true
    },
    "color-convert": {
      "version": "1.9.3",
      "resolved": "https://registry.npmjs.org/color-convert/-/color-convert-1.9.3.tgz",
      "integrity": "sha512-QfAUtd+vFdAtFQcC8CCyYt1fYWxSqAiK2cSD6zDB8N3cpsEBAvRxp9zOGg6G/SHHJYAT88/az/IuDGALsNVbGg==",
      "dev": true,
      "requires": {
        "color-name": "1.1.3"
      }
    },
    "color-name": {
      "version": "1.1.3",
      "resolved": "https://registry.npmjs.org/color-name/-/color-name-1.1.3.tgz",
      "integrity": "sha1-p9BVi9icQveV3UIyj3QIMcpTvCU=",
      "dev": true
    },
    "colors": {
      "version": "1.4.0",
      "resolved": "https://registry.npmjs.org/colors/-/colors-1.4.0.tgz",
      "integrity": "sha512-a+UqTh4kgZg/SlGvfbzDHpgRu7AAQOmmqRHJnxhRZICKFUT91brVhNNt58CMWU9PsBbv3PDCZUHbVxuDiH2mtA==",
      "dev": true
    },
    "constructs": {
      "version": "2.0.1",
      "resolved": "https://registry.npmjs.org/constructs/-/constructs-2.0.1.tgz",
      "integrity": "sha512-edR85YFGI9TBT9byAo5vAfI0PRi+jFGzinwN3RAJwKfv6Yc9x9kALYfoEmgotp95qT7/k/iUQWHrH9BMJeqpdg=="
    },
    "crypt": {
      "version": "0.0.2",
      "resolved": "https://registry.npmjs.org/crypt/-/crypt-0.0.2.tgz",
      "integrity": "sha1-iNf/fsDfuG9xPch7u0LQRNPmxBs=",
      "dev": true
    },
    "diff": {
      "version": "4.0.2",
      "resolved": "https://registry.npmjs.org/diff/-/diff-4.0.2.tgz",
      "integrity": "sha512-58lmxKSA4BNyLz+HHMUzlOEpg09FV+ev6ZMe3vJihgdxzgcwZ8VoEEPmALCZG9LmqfVoNMMKpttIYTVG6uDY7A==",
      "dev": true
    },
    "emoji-regex": {
      "version": "8.0.0",
      "resolved": "https://registry.npmjs.org/emoji-regex/-/emoji-regex-8.0.0.tgz",
      "integrity": "sha512-MSjYzcWNOA0ewAHpz0MxpYFvwg6yjy1NG3xteoqz644VCo/RPgnr1/GGt+ic3iJTzQ8Eu3TdM14SawnVUmGE6A==",
      "dev": true
    },
    "fast-deep-equal": {
      "version": "3.1.1",
      "resolved": "https://registry.npmjs.org/fast-deep-equal/-/fast-deep-equal-3.1.1.tgz",
      "integrity": "sha512-8UEa58QDLauDNfpbrX55Q9jrGHThw2ZMdOky5Gl1CDtVeJDPVrG4Jxx1N8jw2gkWaff5UUuX1KJd+9zGe2B+ZA==",
      "dev": true
    },
    "fast-json-stable-stringify": {
      "version": "2.1.0",
      "resolved": "https://registry.npmjs.org/fast-json-stable-stringify/-/fast-json-stable-stringify-2.1.0.tgz",
      "integrity": "sha512-lhd/wF+Lk98HZoTCtlVraHtfh5XYijIjalXck7saUtuanSDyLMxnHhSXEDJqHxD7msR8D0uCmqlkwjCV8xvwHw==",
      "dev": true
    },
    "fsevents": {
      "version": "2.3.2",
      "resolved": "https://registry.npmjs.org/fsevents/-/fsevents-2.3.2.tgz",
      "integrity": "sha512-xiqMQR4xAeHTuB9uWm+fFRcIOgKBMiOBP+eXiyT7jsgVCq1bkVygt00oASowB7EdtpOHaaPgKt812P9ab+DDKA==",
      "dev": true,
      "optional": true
    },
    "is-buffer": {
      "version": "1.1.6",
      "resolved": "https://registry.npmjs.org/is-buffer/-/is-buffer-1.1.6.tgz",
      "integrity": "sha512-NcdALwpXkTm5Zvvbk7owOUSvVvBKDgKP5/ewfXEznmQFfs4ZRmanOeKBTjRVjka3QFoN6XJ+9F3USqfHqTaU5w==",
      "dev": true
    },
    "is-fullwidth-code-point": {
      "version": "3.0.0",
      "resolved": "https://registry.npmjs.org/is-fullwidth-code-point/-/is-fullwidth-code-point-3.0.0.tgz",
      "integrity": "sha512-zymm5+u+sCsSWyD9qNaejV3DFvhCKclKdizYaJUuHA83RLjb7nSuGnddCHGv0hk+KY7BMAlsWeK4Ueg6EV6XQg==",
      "dev": true
    },
    "json-schema-traverse": {
      "version": "0.4.1",
      "resolved": "https://registry.npmjs.org/json-schema-traverse/-/json-schema-traverse-0.4.1.tgz",
      "integrity": "sha512-xbbCH5dCYU5T8LcEhhuh7HJ88HXuW3qsI3Y0zOZFKfZEHcpWiHU/Jxzk629Brsab/mMiHQti9wMP+845RPe3Vg==",
      "dev": true
    },
    "lodash": {
      "version": "4.17.21",
      "resolved": "https://registry.npmjs.org/lodash/-/lodash-4.17.21.tgz",
      "integrity": "sha512-v2kDEe57lecTulaDIuNTPy3Ry4gLGJ6Z1O3vE1krgXZNrsQ+LFTGHVxVjcXPs17LhbZVGedAJv8XZ1tvj5FvSg==",
      "dev": true
    },
    "make-error": {
      "version": "1.3.6",
      "resolved": "https://registry.npmjs.org/make-error/-/make-error-1.3.6.tgz",
      "integrity": "sha512-s8UhlNe7vPKomQhC1qFelMokr/Sc3AgNbso3n74mVPA5LTZwkB9NlXf4XPamLxJE8h0gh73rM94xvwRT2CVInw==",
      "dev": true
    },
    "md5": {
      "version": "2.2.1",
      "resolved": "https://registry.npmjs.org/md5/-/md5-2.2.1.tgz",
      "integrity": "sha1-U6s41f48iJG6RlMp6iP6wFQBJvk=",
      "dev": true,
      "requires": {
        "charenc": "~0.0.1",
        "crypt": "~0.0.1",
        "is-buffer": "~1.1.1"
      }
    },
    "punycode": {
      "version": "2.1.1",
      "resolved": "https://registry.npmjs.org/punycode/-/punycode-2.1.1.tgz",
      "integrity": "sha512-XRsRjdf+j5ml+y/6GKHPZbrF/8p2Yga0JPtdqTIY2Xe5ohJPD9saDJJLPvp9+NSBprVvevdXZybnj2cv8OEd0A==",
      "dev": true
    },
    "slice-ansi": {
      "version": "2.1.0",
      "resolved": "https://registry.npmjs.org/slice-ansi/-/slice-ansi-2.1.0.tgz",
      "integrity": "sha512-Qu+VC3EwYLldKa1fCxuuvULvSJOKEgk9pi8dZeCVK7TqBfUNTH4sFkk4joj8afVSfAYgJoSOetjx9QWOJ5mYoQ==",
      "dev": true,
      "requires": {
        "ansi-styles": "^3.2.0",
        "astral-regex": "^1.0.0",
        "is-fullwidth-code-point": "^2.0.0"
      },
      "dependencies": {
        "is-fullwidth-code-point": {
          "version": "2.0.0",
          "resolved": "https://registry.npmjs.org/is-fullwidth-code-point/-/is-fullwidth-code-point-2.0.0.tgz",
          "integrity": "sha1-o7MKXE8ZkYMWeqq5O+764937ZU8=",
          "dev": true
        }
      }
    },
    "source-map": {
      "version": "0.6.1",
      "resolved": "https://registry.npmjs.org/source-map/-/source-map-0.6.1.tgz",
      "integrity": "sha512-UjgapumWlbMhkBgzT7Ykc5YXUT46F0iKu8SGXq0bcwP5dz/h0Plj6enJqjz1Zbq2l5WaqYnrVbwWOWMyF3F47g=="
    },
    "source-map-support": {
      "version": "0.5.16",
      "resolved": "https://registry.npmjs.org/source-map-support/-/source-map-support-0.5.16.tgz",
      "integrity": "sha512-efyLRJDr68D9hBBNIPWFjhpFzURh+KJykQwvMyW5UiZzYwoF6l4YMMDIJJEyFWxWCqfyxLzz6tSfUFR+kXXsVQ==",
      "requires": {
        "buffer-from": "^1.0.0",
        "source-map": "^0.6.0"
      }
    },
    "string-width": {
      "version": "4.2.0",
      "resolved": "https://registry.npmjs.org/string-width/-/string-width-4.2.0.tgz",
      "integrity": "sha512-zUz5JD+tgqtuDjMhwIg5uFVV3dtqZ9yQJlZVfq4I01/K5Paj5UHj7VyrQOJvzawSVlKpObApbfD0Ed6yJc+1eg==",
      "dev": true,
      "requires": {
        "emoji-regex": "^8.0.0",
        "is-fullwidth-code-point": "^3.0.0",
        "strip-ansi": "^6.0.0"
      }
    },
    "strip-ansi": {
      "version": "6.0.0",
      "resolved": "https://registry.npmjs.org/strip-ansi/-/strip-ansi-6.0.0.tgz",
      "integrity": "sha512-AuvKTrTfQNYNIctbR1K/YGTR1756GycPsg7b9bdV9Duqur4gv6aKqHXah67Z8ImS7WEz5QVcOtlfW2rZEugt6w==",
      "dev": true,
      "requires": {
        "ansi-regex": "^5.0.0"
      }
    },
    "table": {
      "version": "5.4.6",
      "resolved": "https://registry.npmjs.org/table/-/table-5.4.6.tgz",
      "integrity": "sha512-wmEc8m4fjnob4gt5riFRtTu/6+4rSe12TpAELNSqHMfF3IqnA+CH37USM6/YR3qRZv7e56kAEAtd6nKZaxe0Ug==",
      "dev": true,
      "requires": {
        "ajv": "^6.10.2",
        "lodash": "^4.17.14",
        "slice-ansi": "^2.1.0",
        "string-width": "^3.0.0"
      },
      "dependencies": {
        "ansi-regex": {
          "version": "4.1.0",
          "resolved": "https://registry.npmjs.org/ansi-regex/-/ansi-regex-4.1.0.tgz",
          "integrity": "sha512-1apePfXM1UOSqw0o9IiFAovVz9M5S1Dg+4TrDwfMewQ6p/rmMueb7tWZjQ1rx4Loy1ArBggoqGpfqqdI4rondg==",
          "dev": true
        },
        "emoji-regex": {
          "version": "7.0.3",
          "resolved": "https://registry.npmjs.org/emoji-regex/-/emoji-regex-7.0.3.tgz",
          "integrity": "sha512-CwBLREIQ7LvYFB0WyRvwhq5N5qPhc6PMjD6bYggFlI5YyDgl+0vxq5VHbMOFqLg7hfWzmu8T5Z1QofhmTIhItA==",
          "dev": true
        },
        "is-fullwidth-code-point": {
          "version": "2.0.0",
          "resolved": "https://registry.npmjs.org/is-fullwidth-code-point/-/is-fullwidth-code-point-2.0.0.tgz",
          "integrity": "sha1-o7MKXE8ZkYMWeqq5O+764937ZU8=",
          "dev": true
        },
        "string-width": {
          "version": "3.1.0",
          "resolved": "https://registry.npmjs.org/string-width/-/string-width-3.1.0.tgz",
          "integrity": "sha512-vafcv6KjVZKSgz06oM/H6GDBrAtz8vdhQakGjFIvNrHA6y3HCF1CInLy+QLq8dTJPQ1b+KDUqDFctkdRW44e1w==",
          "dev": true,
          "requires": {
            "emoji-regex": "^7.0.1",
            "is-fullwidth-code-point": "^2.0.0",
            "strip-ansi": "^5.1.0"
          }
        },
        "strip-ansi": {
          "version": "5.2.0",
          "resolved": "https://registry.npmjs.org/strip-ansi/-/strip-ansi-5.2.0.tgz",
          "integrity": "sha512-DuRs1gKbBqsMKIZlrffwlug8MHkcnpjs5VPmL1PAh+mA30U0DTotfDZ0d2UUsXpPmPmMMJ6W773MaA3J+lbiWA==",
          "dev": true,
          "requires": {
            "ansi-regex": "^4.1.0"
          }
        }
      }
    },
    "ts-node": {
      "version": "8.8.2",
      "resolved": "https://registry.npmjs.org/ts-node/-/ts-node-8.8.2.tgz",
      "integrity": "sha512-duVj6BpSpUpD/oM4MfhO98ozgkp3Gt9qIp3jGxwU2DFvl/3IRaEAvbLa8G60uS7C77457e/m5TMowjedeRxI1Q==",
      "dev": true,
      "requires": {
        "arg": "^4.1.0",
        "diff": "^4.0.1",
        "make-error": "^1.1.1",
        "source-map-support": "^0.5.6",
        "yn": "3.1.1"
      }
    },
    "typescript": {
      "version": "3.7.5",
      "resolved": "https://registry.npmjs.org/typescript/-/typescript-3.7.5.tgz",
      "integrity": "sha512-/P5lkRXkWHNAbcJIiHPfRoKqyd7bsyCma1hZNUGfn20qm64T6ZBlrzprymeu918H+mB/0rIg2gGK/BXkhhYgBw==",
      "dev": true
    },
    "uri-js": {
      "version": "4.2.2",
      "resolved": "https://registry.npmjs.org/uri-js/-/uri-js-4.2.2.tgz",
      "integrity": "sha512-KY9Frmirql91X2Qgjry0Wd4Y+YTdrdZheS8TFwvkbLWf/G5KNJDCh6pKL5OZctEW4+0Baa5idK2ZQuELRwPznQ==",
      "dev": true,
      "requires": {
        "punycode": "^2.1.0"
      }
    },
    "yn": {
      "version": "3.1.1",
      "resolved": "https://registry.npmjs.org/yn/-/yn-3.1.1.tgz",
      "integrity": "sha512-Ux4ygGWsu2c7isFWe8Yu1YluJmqVhxqK2cLXNQA5AcC3QfbGNpM7fu0Y8b/z16pXLnFxZYvWhd3fhBY9DLmC6Q==",
      "dev": true
    }
  }
}
